
Microsoft Visual Studio Solution File, Format Version 12.00
# Visual Studio Version 16
VisualStudioVersion = 16.0.30717.126
MinimumVisualStudioVersion = 10.0.40219.1
Project("{FAE04EC0-301F-11D3-BF4B-00C04F79EFBC}") = "TVIMS Calculator", "TVIMS Calculator\TVIMS Calculator.csproj", "{A3AF4F6E-147C-48AC-B694-413E99D225D8}"
EndProject
Global
	GlobalSection(SolutionConfigurationPlatforms) = preSolution
		Debug|Any CPU = Debug|Any CPU
		Release|Any CPU = Release|Any CPU
	EndGlobalSection
	GlobalSection(ProjectConfigurationPlatforms) = postSolution
		{A3AF4F6E-147C-48AC-B694-413E99D225D8}.Debug|Any CPU.ActiveCfg = Debug|Any CPU
		{A3AF4F6E-147C-48AC-B694-413E99D225D8}.Debug|Any CPU.Build.0 = Debug|Any CPU
		{A3AF4F6E-147C-48AC-B694-413E99D225D8}.Release|Any CPU.ActiveCfg = Release|Any CPU
		{A3AF4F6E-147C-48AC-B694-413E99D225D8}.Release|Any CPU.Build.0 = Release|Any CPU
	EndGlobalSection
	GlobalSection(SolutionProperties) = preSolution
		HideSolutionNode = FALSE
	EndGlobalSection
	GlobalSection(ExtensibilityGlobals) = postSolution
		SolutionGuid = {5B2D29B8-589C-4FFC-ABED-A76B41BB459A}
	EndGlobalSection
EndGlobal
